{
  "requires": true,
  "lockfileVersion": 1,
  "dependencies": {
    "deepool": {
      "version": "3.0.1",
      "resolved": "https://registry.npmjs.org/deepool/-/deepool-3.0.1.tgz",
      "integrity": "sha512-YnoiNwEzq+dpSuVOJyZIq6Lh1gIH2wrlAMA4EDNEfNcmH73vS2BFSBDbLlWLu2ddMTt+pk7j/U4RE/LnESZv6w=="
    }
  }
}
